github.com/soypat/lneto v0.0.0-20260710133615-ab1a0c735a8b h1:qcoYcwWsFVI7zu0SRqhGD+B07R8o+sLFHwZQ/LtsHkM=
github.com/soypat/lneto v0.0.0-20260710133615-ab1a0c735a8b/go.mod h1:Be5PjwoYukvHFiUXxpYi8+ppH2F/gw/vjGBvFdv+Ti8=
github.com/wago-org/wago v0.0.0-20260813162830-10ff97338a07 h1:3Fnoyrs21Z6qnM60z1tR5P3DQdF6Ui8bwShonE14jP0=
github.com/wago-org/wago v0.0.0-20260813162830-10ff97338a07/go.mod h1:odr+6v51s1UDezUBJZrBBujWs/iD1pSHHhAVkb8BTQ0=
