github.com/soypat/lneto v0.0.0-20260710133615-ab1a0c735a8b h1:qcoYcwWsFVI7zu0SRqhGD+B07R8o+sLFHwZQ/LtsHkM=
github.com/soypat/lneto v0.0.0-20260710133615-ab1a0c735a8b/go.mod h1:Be5PjwoYukvHFiUXxpYi8+ppH2F/gw/vjGBvFdv+Ti8=
github.com/wago-org/wago v0.0.0-20260812141033-492d7b4905ea h1:SU/eDjjh7SFPwc9gDT7qFqqVIA+N/YND3lFqoSDcqbg=
github.com/wago-org/wago v0.0.0-20260812141033-492d7b4905ea/go.mod h1:6XmxI3S5qJ+YAzObyXjC6FmxHtbLhBBxrglzix42zl8=
